// !$*UTF8*$!
{
	archiveVersion = 1;
	classes = {
	};
	objectVersion = 56;
	objects = {

/* Begin PBXBuildFile section */
		929DA5EF29029DBC00810B2A /* Moya in Frameworks */ = {isa = PBXBuildFile; productRef = 929DA5EE29029DBC00810B2A /* Moya */; };
		92FC6FFF28FA95F800720368 /* AppDelegate.swift in Sources */ = {isa = PBXBuildFile; fileRef = 92FC6FFE28FA95F800720368 /* AppDelegate.swift */; };
		92FC700128FA95F800720368 /* SceneDelegate.swift in Sources */ = {isa = PBXBuildFile; fileRef = 92FC700028FA95F800720368 /* SceneDelegate.swift */; };
		92FC700328FA95F800720368 /* MoyaViewController.swift in Sources */ = {isa = PBXBuildFile; fileRef = 92FC700228FA95F800720368 /* MoyaViewController.swift */; };
		92FC700628FA95F800720368 /* Main.storyboard in Resources */ = {isa = PBXBuildFile; fileRef = 92FC700428FA95F800720368 /* Main.storyboard */; };
		92FC700828FA95F900720368 /* Assets.xcassets in Resources */ = {isa = PBXBuildFile; fileRef = 92FC700728FA95F900720368 /* Assets.xcassets */; };
		92FC700B28FA95F900720368 /* LaunchScreen.storyboard in Resources */ = {isa = PBXBuildFile; fileRef = 92FC700928FA95F900720368 /* LaunchScreen.storyboard */; };
		92FC701828FA996400720368 /* AlamofireViewController.swift in Sources */ = {isa = PBXBuildFile; fileRef = 92FC701728FA996400720368 /* AlamofireViewController.swift */; };
		92FC701E28FA9FB100720368 /* MovieListView.swift in Sources */ = {isa = PBXBuildFile; fileRef = 92FC701D28FA9FB100720368 /* MovieListView.swift */; };
		92FC702028FA9FE200720368 /* MovieListTableViewCell.swift in Sources */ = {isa = PBXBuildFile; fileRef = 92FC701F28FA9FE200720368 /* MovieListTableViewCell.swift */; };
		92FC702228FBFC1B00720368 /* BaseViewController.swift in Sources */ = {isa = PBXBuildFile; fileRef = 92FC702128FBFC1B00720368 /* BaseViewController.swift */; };
		92FC703628FC30E900720368 /* .gitignore in Resources */ = {isa = PBXBuildFile; fileRef = 92FC703528FC30E900720368 /* .gitignore */; };
		92FC703828FC310300720368 /* APIKey.swift in Sources */ = {isa = PBXBuildFile; fileRef = 92FC703728FC310300720368 /* APIKey.swift */; };
		92FC703D28FC32D400720368 /* EndPoint.swift in Sources */ = {isa = PBXBuildFile; fileRef = 92FC703C28FC32D400720368 /* EndPoint.swift */; };
		92FC703F28FC335000720368 /* URLConstant.swift in Sources */ = {isa = PBXBuildFile; fileRef = 92FC703E28FC335000720368 /* URLConstant.swift */; };
		92FC704328FC345E00720368 /* AlamofireTrendAPIManager.swift in Sources */ = {isa = PBXBuildFile; fileRef = 92FC704228FC345E00720368 /* AlamofireTrendAPIManager.swift */; };
		92FC704728FC34D700720368 /* TrendResponse.swift in Sources */ = {isa = PBXBuildFile; fileRef = 92FC704628FC34D700720368 /* TrendResponse.swift */; };
		92FC704928FC363700720368 /* NetworkResult.swift in Sources */ = {isa = PBXBuildFile; fileRef = 92FC704828FC363700720368 /* NetworkResult.swift */; };
		92FC704B28FC464500720368 /* AlamofireSimilarAPIManager.swift in Sources */ = {isa = PBXBuildFile; fileRef = 92FC704A28FC464500720368 /* AlamofireSimilarAPIManager.swift */; };
		92FC704D28FC496900720368 /* SimilarResponse.swift in Sources */ = {isa = PBXBuildFile; fileRef = 92FC704C28FC496900720368 /* SimilarResponse.swift */; };
		92FC705128FC4CFD00720368 /* BaseTargetType.swift in Sources */ = {isa = PBXBuildFile; fileRef = 92FC705028FC4CFD00720368 /* BaseTargetType.swift */; };
		92FC705428FC4DA800720368 /* MoyaPlugin.swift in Sources */ = {isa = PBXBuildFile; fileRef = 92FC705328FC4DA800720368 /* MoyaPlugin.swift */; };
		92FC705828FC4F2B00720368 /* MovieService.swift in Sources */ = {isa = PBXBuildFile; fileRef = 92FC705728FC4F2B00720368 /* MovieService.swift */; };
		92FC705A28FC50CF00720368 /* MoyaTrendAPI.swift in Sources */ = {isa = PBXBuildFile; fileRef = 92FC705928FC50CF00720368 /* MoyaTrendAPI.swift */; };
/* End PBXBuildFile section */

/* Begin PBXFileReference section */
		92FC6FFB28FA95F800720368 /* NetworkExample.app */ = {isa = PBXFileReference; explicitFileType = wrapper.application; includeInIndex = 0; path = NetworkExample.app; sourceTree = BUILT_PRODUCTS_DIR; };
		92FC6FFE28FA95F800720368 /* AppDelegate.swift */ = {isa = PBXFileReference; lastKnownFileType = sourcecode.swift; path = AppDelegate.swift; sourceTree = "<group>"; };
		92FC700028FA95F800720368 /* SceneDelegate.swift */ = {isa = PBXFileReference; lastKnownFileType = sourcecode.swift; path = SceneDelegate.swift; sourceTree = "<group>"; };
		92FC700228FA95F800720368 /* MoyaViewController.swift */ = {isa = PBXFileReference; lastKnownFileType = sourcecode.swift; path = MoyaViewController.swift; sourceTree = "<group>"; };
		92FC700528FA95F800720368 /* Base */ = {isa = PBXFileReference; lastKnownFileType = file.storyboard; name = Base; path = Base.lproj/Main.storyboard; sourceTree = "<group>"; };
		92FC700728FA95F900720368 /* Assets.xcassets */ = {isa = PBXFileReference; lastKnownFileType = folder.assetcatalog; path = Assets.xcassets; sourceTree = "<group>"; };
		92FC700A28FA95F900720368 /* Base */ = {isa = PBXFileReference; lastKnownFileType = file.storyboard; name = Base; path = Base.lproj/LaunchScreen.storyboard; sourceTree = "<group>"; };
		92FC700C28FA95F900720368 /* Info.plist */ = {isa = PBXFileReference; lastKnownFileType = text.plist.xml; path = Info.plist; sourceTree = "<group>"; };
		92FC701728FA996400720368 /* AlamofireViewController.swift */ = {isa = PBXFileReference; lastKnownFileType = sourcecode.swift; path = AlamofireViewController.swift; sourceTree = "<group>"; };
		92FC701D28FA9FB100720368 /* MovieListView.swift */ = {isa = PBXFileReference; lastKnownFileType = sourcecode.swift; path = MovieListView.swift; sourceTree = "<group>"; };
		92FC701F28FA9FE200720368 /* MovieListTableViewCell.swift */ = {isa = PBXFileReference; lastKnownFileType = sourcecode.swift; path = MovieListTableViewCell.swift; sourceTree = "<group>"; };
		92FC702128FBFC1B00720368 /* BaseViewController.swift */ = {isa = PBXFileReference; lastKnownFileType = sourcecode.swift; path = BaseViewController.swift; sourceTree = "<group>"; };
		92FC703528FC30E900720368 /* .gitignore */ = {isa = PBXFileReference; lastKnownFileType = text; path = .gitignore; sourceTree = "<group>"; };
		92FC703728FC310300720368 /* APIKey.swift */ = {isa = PBXFileReference; lastKnownFileType = sourcecode.swift; path = APIKey.swift; sourceTree = "<group>"; };
		92FC703C28FC32D400720368 /* EndPoint.swift */ = {isa = PBXFileReference; lastKnownFileType = sourcecode.swift; path = EndPoint.swift; sourceTree = "<group>"; };
		92FC703E28FC335000720368 /* URLConstant.swift */ = {isa = PBXFileReference; lastKnownFileType = sourcecode.swift; path = URLConstant.swift; sourceTree = "<group>"; };
		92FC704228FC345E00720368 /* AlamofireTrendAPIManager.swift */ = {isa = PBXFileReference; lastKnownFileType = sourcecode.swift; path = AlamofireTrendAPIManager.swift; sourceTree = "<group>"; };
		92FC704628FC34D700720368 /* TrendResponse.swift */ = {isa = PBXFileReference; lastKnownFileType = sourcecode.swift; path = TrendResponse.swift; sourceTree = "<group>"; };
		92FC704828FC363700720368 /* NetworkResult.swift */ = {isa = PBXFileReference; lastKnownFileType = sourcecode.swift; path = NetworkResult.swift; sourceTree = "<group>"; };
		92FC704A28FC464500720368 /* AlamofireSimilarAPIManager.swift */ = {isa = PBXFileReference; lastKnownFileType = sourcecode.swift; path = AlamofireSimilarAPIManager.swift; sourceTree = "<group>"; };
		92FC704C28FC496900720368 /* SimilarResponse.swift */ = {isa = PBXFileReference; lastKnownFileType = sourcecode.swift; path = SimilarResponse.swift; sourceTree = "<group>"; };
		92FC705028FC4CFD00720368 /* BaseTargetType.swift */ = {isa = PBXFileReference; lastKnownFileType = sourcecode.swift; path = BaseTargetType.swift; sourceTree = "<group>"; };
		92FC705328FC4DA800720368 /* MoyaPlugin.swift */ = {isa = PBXFileReference; lastKnownFileType = sourcecode.swift; path = MoyaPlugin.swift; sourceTree = "<group>"; };
		92FC705728FC4F2B00720368 /* MovieService.swift */ = {isa = PBXFileReference; lastKnownFileType = sourcecode.swift; path = MovieService.swift; sourceTree = "<group>"; };
		92FC705928FC50CF00720368 /* MoyaTrendAPI.swift */ = {isa = PBXFileReference; lastKnownFileType = sourcecode.swift; path = MoyaTrendAPI.swift; sourceTree = "<group>"; };
/* End PBXFileReference section */

/* Begin PBXFrameworksBuildPhase section */
		92FC6FF828FA95F800720368 /* Frameworks */ = {
			isa = PBXFrameworksBuildPhase;
			buildActionMask = 2147483647;
			files = (
				929DA5EF29029DBC00810B2A /* Moya in Frameworks */,
			);
			runOnlyForDeploymentPostprocessing = 0;
		};
/* End PBXFrameworksBuildPhase section */

/* Begin PBXGroup section */
		92FC6FF228FA95F800720368 = {
			isa = PBXGroup;
			children = (
				92FC703528FC30E900720368 /* .gitignore */,
				92FC6FFD28FA95F800720368 /* NetworkExample */,
				92FC6FFC28FA95F800720368 /* Products */,
			);
			sourceTree = "<group>";
		};
		92FC6FFC28FA95F800720368 /* Products */ = {
			isa = PBXGroup;
			children = (
				92FC6FFB28FA95F800720368 /* NetworkExample.app */,
			);
			name = Products;
			sourceTree = "<group>";
		};
		92FC6FFD28FA95F800720368 /* NetworkExample */ = {
			isa = PBXGroup;
			children = (
				92FC701628FA991200720368 /* Global */,
				92FC701528FA98A500720368 /* Alamofire */,
				92FC701428FA989500720368 /* Moya */,
			);
			path = NetworkExample;
			sourceTree = "<group>";
		};
		92FC701228FA960C00720368 /* Application */ = {
			isa = PBXGroup;
			children = (
				92FC6FFE28FA95F800720368 /* AppDelegate.swift */,
				92FC700028FA95F800720368 /* SceneDelegate.swift */,
			);
			path = Application;
			sourceTree = "<group>";
		};
		92FC701328FA961A00720368 /* Resource */ = {
			isa = PBXGroup;
			children = (
				92FC700428FA95F800720368 /* Main.storyboard */,
				92FC700928FA95F900720368 /* LaunchScreen.storyboard */,
				92FC700728FA95F900720368 /* Assets.xcassets */,
			);
			path = Resource;
			sourceTree = "<group>";
		};
		92FC701428FA989500720368 /* Moya */ = {
			isa = PBXGroup;
			children = (
				92FC704F28FC4CEB00720368 /* Network */,
				92FC704E28FC4CE500720368 /* Controller */,
			);
			path = Moya;
			sourceTree = "<group>";
		};
		92FC701528FA98A500720368 /* Alamofire */ = {
			isa = PBXGroup;
			children = (
				92FC702B28FC301500720368 /* Network */,
				92FC704028FC33C300720368 /* Controller */,
			);
			path = Alamofire;
			sourceTree = "<group>";
		};
		92FC701628FA991200720368 /* Global */ = {
			isa = PBXGroup;
			children = (
				92FC700C28FA95F900720368 /* Info.plist */,
				92FC701328FA961A00720368 /* Resource */,
				92FC701228FA960C00720368 /* Application */,
				92FC701C28FA9F8D00720368 /* Base */,
				92FC704528FC34B800720368 /* NetworkModel */,
			);
			path = Global;
			sourceTree = "<group>";
		};
		92FC701C28FA9F8D00720368 /* Base */ = {
			isa = PBXGroup;
			children = (
				92FC705D28FC567100720368 /* Network */,
				92FC702A28FC2FD400720368 /* Controller */,
				92FC702928FC2FD000720368 /* View */,
			);
			path = Base;
			sourceTree = "<group>";
		};
		92FC702928FC2FD000720368 /* View */ = {
			isa = PBXGroup;
			children = (
				92FC701D28FA9FB100720368 /* MovieListView.swift */,
				92FC701F28FA9FE200720368 /* MovieListTableViewCell.swift */,
			);
			path = View;
			sourceTree = "<group>";
		};
		92FC702A28FC2FD400720368 /* Controller */ = {
			isa = PBXGroup;
			children = (
				92FC702128FBFC1B00720368 /* BaseViewController.swift */,
			);
			path = Controller;
			sourceTree = "<group>";
		};
		92FC702B28FC301500720368 /* Network */ = {
			isa = PBXGroup;
			children = (
				92FC704128FC340D00720368 /* APIManager */,
			);
			path = Network;
			sourceTree = "<group>";
		};
		92FC704028FC33C300720368 /* Controller */ = {
			isa = PBXGroup;
			children = (
				92FC701728FA996400720368 /* AlamofireViewController.swift */,
			);
			path = Controller;
			sourceTree = "<group>";
		};
		92FC704128FC340D00720368 /* APIManager */ = {
			isa = PBXGroup;
			children = (
				92FC704228FC345E00720368 /* AlamofireTrendAPIManager.swift */,
				92FC704A28FC464500720368 /* AlamofireSimilarAPIManager.swift */,
			);
			path = APIManager;
			sourceTree = "<group>";
		};
		92FC704528FC34B800720368 /* NetworkModel */ = {
			isa = PBXGroup;
			children = (
				92FC704628FC34D700720368 /* TrendResponse.swift */,
				92FC704C28FC496900720368 /* SimilarResponse.swift */,
			);
			path = NetworkModel;
			sourceTree = "<group>";
		};
		92FC704E28FC4CE500720368 /* Controller */ = {
			isa = PBXGroup;
			children = (
				92FC700228FA95F800720368 /* MoyaViewController.swift */,
			);
			path = Controller;
			sourceTree = "<group>";
		};
		92FC704F28FC4CEB00720368 /* Network */ = {
			isa = PBXGroup;
			children = (
				92FC705628FC4F0700720368 /* Service */,
				92FC705528FC4F0100720368 /* API */,
				92FC705228FC4D0000720368 /* Base */,
			);
			path = Network;
			sourceTree = "<group>";
		};
		92FC705228FC4D0000720368 /* Base */ = {
			isa = PBXGroup;
			children = (
				92FC705028FC4CFD00720368 /* BaseTargetType.swift */,
				92FC705328FC4DA800720368 /* MoyaPlugin.swift */,
			);
			path = Base;
			sourceTree = "<group>";
		};
		92FC705528FC4F0100720368 /* API */ = {
			isa = PBXGroup;
			children = (
				92FC705928FC50CF00720368 /* MoyaTrendAPI.swift */,
			);
			path = API;
			sourceTree = "<group>";
		};
		92FC705628FC4F0700720368 /* Service */ = {
			isa = PBXGroup;
			children = (
				92FC705728FC4F2B00720368 /* MovieService.swift */,
			);
			path = Service;
			sourceTree = "<group>";
		};
		92FC705D28FC567100720368 /* Network */ = {
			isa = PBXGroup;
			children = (
				92FC703728FC310300720368 /* APIKey.swift */,
				92FC703C28FC32D400720368 /* EndPoint.swift */,
				92FC703E28FC335000720368 /* URLConstant.swift */,
				92FC704828FC363700720368 /* NetworkResult.swift */,
			);
			path = Network;
			sourceTree = "<group>";
		};
/* End PBXGroup section */

/* Begin PBXNativeTarget section */
		92FC6FFA28FA95F800720368 /* NetworkExample */ = {
			isa = PBXNativeTarget;
			buildConfigurationList = 92FC700F28FA95F900720368 /* Build configuration list for PBXNativeTarget "NetworkExample" */;
			buildPhases = (
				92FC6FF728FA95F800720368 /* Sources */,
				92FC6FF828FA95F800720368 /* Frameworks */,
				92FC6FF928FA95F800720368 /* Resources */,
			);
			buildRules = (
			);
			dependencies = (
			);
			name = NetworkExample;
			packageProductDependencies = (
				929DA5EE29029DBC00810B2A /* Moya */,
			);
			productName = NetworkExample;
			productReference = 92FC6FFB28FA95F800720368 /* NetworkExample.app */;
			productType = "com.apple.product-type.application";
		};
/* End PBXNativeTarget section */

/* Begin PBXProject section */
		92FC6FF328FA95F800720368 /* Project object */ = {
			isa = PBXProject;
			attributes = {
				BuildIndependentTargetsInParallel = 1;
				LastSwiftUpdateCheck = 1400;
				LastUpgradeCheck = 1400;
				TargetAttributes = {
					92FC6FFA28FA95F800720368 = {
						CreatedOnToolsVersion = 14.0.1;
					};
				};
			};
			buildConfigurationList = 92FC6FF628FA95F800720368 /* Build configuration list for PBXProject "NetworkExample" */;
			compatibilityVersion = "Xcode 14.0";
			developmentRegion = en;
			hasScannedForEncodings = 0;
			knownRegions = (
				en,
				Base,
			);
			mainGroup = 92FC6FF228FA95F800720368;
			packageReferences = (
				929DA5ED29029DBC00810B2A /* XCRemoteSwiftPackageReference "Moya" */,
			);
			productRefGroup = 92FC6FFC28FA95F800720368 /* Products */;
			projectDirPath = "";
			projectRoot = "";
			targets = (
				92FC6FFA28FA95F800720368 /* NetworkExample */,
			);
		};
/* End PBXProject section */

/* Begin PBXResourcesBuildPhase section */
		92FC6FF928FA95F800720368 /* Resources */ = {
			isa = PBXResourcesBuildPhase;
			buildActionMask = 2147483647;
			files = (
				92FC703628FC30E900720368 /* .gitignore in Resources */,
				92FC700B28FA95F900720368 /* LaunchScreen.storyboard in Resources */,
				92FC700828FA95F900720368 /* Assets.xcassets in Resources */,
				92FC700628FA95F800720368 /* Main.storyboard in Resources */,
			);
			runOnlyForDeploymentPostprocessing = 0;
		};
/* End PBXResourcesBuildPhase section */

/* Begin PBXSourcesBuildPhase section */
		92FC6FF728FA95F800720368 /* Sources */ = {
			isa = PBXSourcesBuildPhase;
			buildActionMask = 2147483647;
			files = (
				92FC705128FC4CFD00720368 /* BaseTargetType.swift in Sources */,
				92FC700328FA95F800720368 /* MoyaViewController.swift in Sources */,
				92FC6FFF28FA95F800720368 /* AppDelegate.swift in Sources */,
				92FC704728FC34D700720368 /* TrendResponse.swift in Sources */,
				92FC704D28FC496900720368 /* SimilarResponse.swift in Sources */,
				92FC703828FC310300720368 /* APIKey.swift in Sources */,
				92FC703F28FC335000720368 /* URLConstant.swift in Sources */,
				92FC705A28FC50CF00720368 /* MoyaTrendAPI.swift in Sources */,
				92FC705428FC4DA800720368 /* MoyaPlugin.swift in Sources */,
				92FC701E28FA9FB100720368 /* MovieListView.swift in Sources */,
				92FC704B28FC464500720368 /* AlamofireSimilarAPIManager.swift in Sources */,
				92FC704928FC363700720368 /* NetworkResult.swift in Sources */,
				92FC700128FA95F800720368 /* SceneDelegate.swift in Sources */,
				92FC705828FC4F2B00720368 /* MovieService.swift in Sources */,
				92FC704328FC345E00720368 /* AlamofireTrendAPIManager.swift in Sources */,
				92FC702028FA9FE200720368 /* MovieListTableViewCell.swift in Sources */,
				92FC702228FBFC1B00720368 /* BaseViewController.swift in Sources */,
				92FC701828FA996400720368 /* AlamofireViewController.swift in Sources */,
				92FC703D28FC32D400720368 /* EndPoint.swift in Sources */,
			);
			runOnlyForDeploymentPostprocessing = 0;
		};
/* End PBXSourcesBuildPhase section */

/* Begin PBXVariantGroup section */
		92FC700428FA95F800720368 /* Main.storyboard */ = {
			isa = PBXVariantGroup;
			children = (
				92FC700528FA95F800720368 /* Base */,
			);
			name = Main.storyboard;
			sourceTree = "<group>";
		};
		92FC700928FA95F900720368 /* LaunchScreen.storyboard */ = {
			isa = PBXVariantGroup;
			children = (
				92FC700A28FA95F900720368 /* Base */,
			);
			name = LaunchScreen.storyboard;
			sourceTree = "<group>";
		};
/* End PBXVariantGroup section */

/* Begin XCBuildConfiguration section */
		92FC700D28FA95F900720368 /* Debug */ = {
			isa = XCBuildConfiguration;
			buildSettings = {
				ALWAYS_SEARCH_USER_PATHS = NO;
				CLANG_ANALYZER_NONNULL = YES;
				CLANG_ANALYZER_NUMBER_OBJECT_CONVERSION = YES_AGGRESSIVE;
				CLANG_CXX_LANGUAGE_STANDARD = "gnu++20";
				CLANG_ENABLE_MODULES = YES;
				CLANG_ENABLE_OBJC_ARC = YES;
				CLANG_ENABLE_OBJC_WEAK = YES;
				CLANG_WARN_BLOCK_CAPTURE_AUTORELEASING = YES;
				CLANG_WARN_BOOL_CONVERSION = YES;
				CLANG_WARN_COMMA = YES;
				CLANG_WARN_CONSTANT_CONVERSION = YES;
				CLANG_WARN_DEPRECATED_OBJC_IMPLEMENTATIONS = YES;
				CLANG_WARN_DIRECT_OBJC_ISA_USAGE = YES_ERROR;
				CLANG_WARN_DOCUMENTATION_COMMENTS = YES;
				CLANG_WARN_EMPTY_BODY = YES;
				CLANG_WARN_ENUM_CONVERSION = YES;
				CLANG_WARN_INFINITE_RECURSION = YES;
				CLANG_WARN_INT_CONVERSION = YES;
				CLANG_WARN_NON_LITERAL_NULL_CONVERSION = YES;
				CLANG_WARN_OBJC_IMPLICIT_RETAIN_SELF = YES;
				CLANG_WARN_OBJC_LITERAL_CONVERSION = YES;
				CLANG_WARN_OBJC_ROOT_CLASS = YES_ERROR;
				CLANG_WARN_QUOTED_INCLUDE_IN_FRAMEWORK_HEADER = YES;
				CLANG_WARN_RANGE_LOOP_ANALYSIS = YES;
				CLANG_WARN_STRICT_PROTOTYPES = YES;
				CLANG_WARN_SUSPICIOUS_MOVE = YES;
				CLANG_WARN_UNGUARDED_AVAILABILITY = YES_AGGRESSIVE;
				CLANG_WARN_UNREACHABLE_CODE = YES;
				CLANG_WARN__DUPLICATE_METHOD_MATCH = YES;
				COPY_PHASE_STRIP = NO;
				DEBUG_INFORMATION_FORMAT = dwarf;
				ENABLE_STRICT_OBJC_MSGSEND = YES;
				ENABLE_TESTABILITY = YES;
				GCC_C_LANGUAGE_STANDARD = gnu11;
				GCC_DYNAMIC_NO_PIC = NO;
				GCC_NO_COMMON_BLOCKS = YES;
				GCC_OPTIMIZATION_LEVEL = 0;
				GCC_PREPROCESSOR_DEFINITIONS = (
					"DEBUG=1",
					"$(inherited)",
				);
				GCC_WARN_64_TO_32_BIT_CONVERSION = YES;
				GCC_WARN_ABOUT_RETURN_TYPE = YES_ERROR;
				GCC_WARN_UNDECLARED_SELECTOR = YES;
				GCC_WARN_UNINITIALIZED_AUTOS = YES_AGGRESSIVE;
				GCC_WARN_UNUSED_FUNCTION = YES;
				GCC_WARN_UNUSED_VARIABLE = YES;
				IPHONEOS_DEPLOYMENT_TARGET = 16.0;
				MTL_ENABLE_DEBUG_INFO = INCLUDE_SOURCE;
				MTL_FAST_MATH = YES;
				ONLY_ACTIVE_ARCH = YES;
				SDKROOT = iphoneos;
				SWIFT_ACTIVE_COMPILATION_CONDITIONS = DEBUG;
				SWIFT_OPTIMIZATION_LEVEL = "-Onone";
			};
			name = Debug;
		};
		92FC700E28FA95F900720368 /* Release */ = {
			isa = XCBuildConfiguration;
			buildSettings = {
				ALWAYS_SEARCH_USER_PATHS = NO;
				CLANG_ANALYZER_NONNULL = YES;
				CLANG_ANALYZER_NUMBER_OBJECT_CONVERSION = YES_AGGRESSIVE;
				CLANG_CXX_LANGUAGE_STANDARD = "gnu++20";
				CLANG_ENABLE_MODULES = YES;
				CLANG_ENABLE_OBJC_ARC = YES;
				CLANG_ENABLE_OBJC_WEAK = YES;
				CLANG_WARN_BLOCK_CAPTURE_AUTORELEASING = YES;
				CLANG_WARN_BOOL_CONVERSION = YES;
				CLANG_WARN_COMMA = YES;
				CLANG_WARN_CONSTANT_CONVERSION = YES;
				CLANG_WARN_DEPRECATED_OBJC_IMPLEMENTATIONS = YES;
				CLANG_WARN_DIRECT_OBJC_ISA_USAGE = YES_ERROR;
				CLANG_WARN_DOCUMENTATION_COMMENTS = YES;
				CLANG_WARN_EMPTY_BODY = YES;
				CLANG_WARN_ENUM_CONVERSION = YES;
				CLANG_WARN_INFINITE_RECURSION = YES;
				CLANG_WARN_INT_CONVERSION = YES;
				CLANG_WARN_NON_LITERAL_NULL_CONVERSION = YES;
				CLANG_WARN_OBJC_IMPLICIT_RETAIN_SELF = YES;
				CLANG_WARN_OBJC_LITERAL_CONVERSION = YES;
				CLANG_WARN_OBJC_ROOT_CLASS = YES_ERROR;
				CLANG_WARN_QUOTED_INCLUDE_IN_FRAMEWORK_HEADER = YES;
				CLANG_WARN_RANGE_LOOP_ANALYSIS = YES;
				CLANG_WARN_STRICT_PROTOTYPES = YES;
				CLANG_WARN_SUSPICIOUS_MOVE = YES;
				CLANG_WARN_UNGUARDED_AVAILABILITY = YES_AGGRESSIVE;
				CLANG_WARN_UNREACHABLE_CODE = YES;
				CLANG_WARN__DUPLICATE_METHOD_MATCH = YES;
				COPY_PHASE_STRIP = NO;
				DEBUG_INFORMATION_FORMAT = "dwarf-with-dsym";
				ENABLE_NS_ASSERTIONS = NO;
				ENABLE_STRICT_OBJC_MSGSEND = YES;
				GCC_C_LANGUAGE_STANDARD = gnu11;
				GCC_NO_COMMON_BLOCKS = YES;
				GCC_WARN_64_TO_32_BIT_CONVERSION = YES;
				GCC_WARN_ABOUT_RETURN_TYPE = YES_ERROR;
				GCC_WARN_UNDECLARED_SELECTOR = YES;
				GCC_WARN_UNINITIALIZED_AUTOS = YES_AGGRESSIVE;
				GCC_WARN_UNUSED_FUNCTION = YES;
				GCC_WARN_UNUSED_VARIABLE = YES;
				IPHONEOS_DEPLOYMENT_TARGET = 16.0;
				MTL_ENABLE_DEBUG_INFO = NO;
				MTL_FAST_MATH = YES;
				SDKROOT = iphoneos;
				SWIFT_COMPILATION_MODE = wholemodule;
				SWIFT_OPTIMIZATION_LEVEL = "-O";
				VALIDATE_PRODUCT = YES;
			};
			name = Release;
		};
		92FC701028FA95F900720368 /* Debug */ = {
			isa = XCBuildConfiguration;
			buildSettings = {
				ASSETCATALOG_COMPILER_APPICON_NAME = AppIcon;
				ASSETCATALOG_COMPILER_GLOBAL_ACCENT_COLOR_NAME = AccentColor;
				CODE_SIGN_STYLE = Automatic;
				CURRENT_PROJECT_VERSION = 1;
				DEVELOPMENT_TEAM = PU64TS56AD;
				GENERATE_INFOPLIST_FILE = YES;
				INFOPLIST_FILE = NetworkExample/Global/Info.plist;
				INFOPLIST_KEY_CFBundleDisplayName = "네트워크";
				INFOPLIST_KEY_UIApplicationSupportsIndirectInputEvents = YES;
				INFOPLIST_KEY_UILaunchStoryboardName = LaunchScreen;
				INFOPLIST_KEY_UIMainStoryboardFile = Main;
				INFOPLIST_KEY_UISupportedInterfaceOrientations_iPad = "UIInterfaceOrientationPortrait UIInterfaceOrientationPortraitUpsideDown UIInterfaceOrientationLandscapeLeft UIInterfaceOrientationLandscapeRight";
				INFOPLIST_KEY_UISupportedInterfaceOrientations_iPhone = "UIInterfaceOrientationPortrait UIInterfaceOrientationLandscapeLeft UIInterfaceOrientationLandscapeRight";
				LD_RUNPATH_SEARCH_PATHS = (
					"$(inherited)",
					"@executable_path/Frameworks",
				);
				MARKETING_VERSION = 1.0;
				PRODUCT_BUNDLE_IDENTIFIER = com.soyeon.NetworkExample;
				PRODUCT_NAME = "$(TARGET_NAME)";
				SUPPORTED_PLATFORMS = "iphoneos iphonesimulator";
				SUPPORTS_MACCATALYST = NO;
				SUPPORTS_MAC_DESIGNED_FOR_IPHONE_IPAD = NO;
				SWIFT_EMIT_LOC_STRINGS = YES;
				SWIFT_VERSION = 5.0;
				TARGETED_DEVICE_FAMILY = 1;
			};
			name = Debug;
		};
		92FC701128FA95F900720368 /* Release */ = {
			isa = XCBuildConfiguration;
			buildSettings = {
				ASSETCATALOG_COMPILER_APPICON_NAME = AppIcon;
				ASSETCATALOG_COMPILER_GLOBAL_ACCENT_COLOR_NAME = AccentColor;
				CODE_SIGN_STYLE = Automatic;
				CURRENT_PROJECT_VERSION = 1;
				DEVELOPMENT_TEAM = PU64TS56AD;
				GENERATE_INFOPLIST_FILE = YES;
				INFOPLIST_FILE = NetworkExample/Global/Info.plist;
				INFOPLIST_KEY_CFBundleDisplayName = "네트워크";
				INFOPLIST_KEY_UIApplicationSupportsIndirectInputEvents = YES;
				INFOPLIST_KEY_UILaunchStoryboardName = LaunchScreen;
				INFOPLIST_KEY_UIMainStoryboardFile = Main;
				INFOPLIST_KEY_UISupportedInterfaceOrientations_iPad = "UIInterfaceOrientationPortrait UIInterfaceOrientationPortraitUpsideDown UIInterfaceOrientationLandscapeLeft UIInterfaceOrientationLandscapeRight";
				INFOPLIST_KEY_UISupportedInterfaceOrientations_iPhone = "UIInterfaceOrientationPortrait UIInterfaceOrientationLandscapeLeft UIInterfaceOrientationLandscapeRight";
				LD_RUNPATH_SEARCH_PATHS = (
					"$(inherited)",
					"@executable_path/Frameworks",
				);
				MARKETING_VERSION = 1.0;
				PRODUCT_BUNDLE_IDENTIFIER = com.soyeon.NetworkExample;
				PRODUCT_NAME = "$(TARGET_NAME)";
				SUPPORTED_PLATFORMS = "iphoneos iphonesimulator";
				SUPPORTS_MACCATALYST = NO;
				SUPPORTS_MAC_DESIGNED_FOR_IPHONE_IPAD = NO;
				SWIFT_EMIT_LOC_STRINGS = YES;
				SWIFT_VERSION = 5.0;
				TARGETED_DEVICE_FAMILY = 1;
			};
			name = Release;
		};
/* End XCBuildConfiguration section */

/* Begin XCConfigurationList section */
		92FC6FF628FA95F800720368 /* Build configuration list for PBXProject "NetworkExample" */ = {
			isa = XCConfigurationList;
			buildConfigurations = (
				92FC700D28FA95F900720368 /* Debug */,
				92FC700E28FA95F900720368 /* Release */,
			);
			defaultConfigurationIsVisible = 0;
			defaultConfigurationName = Release;
		};
		92FC700F28FA95F900720368 /* Build configuration list for PBXNativeTarget "NetworkExample" */ = {
			isa = XCConfigurationList;
			buildConfigurations = (
				92FC701028FA95F900720368 /* Debug */,
				92FC701128FA95F900720368 /* Release */,
			);
			defaultConfigurationIsVisible = 0;
			defaultConfigurationName = Release;
		};
/* End XCConfigurationList section */

/* Begin XCRemoteSwiftPackageReference section */
		929DA5ED29029DBC00810B2A /* XCRemoteSwiftPackageReference "Moya" */ = {
			isa = XCRemoteSwiftPackageReference;
			repositoryURL = "https://github.com/Moya/Moya.git";
			requirement = {
				branch = master;
				kind = branch;
			};
		};
/* End XCRemoteSwiftPackageReference section */

/* Begin XCSwiftPackageProductDependency section */
		929DA5EE29029DBC00810B2A /* Moya */ = {
			isa = XCSwiftPackageProductDependency;
			package = 929DA5ED29029DBC00810B2A /* XCRemoteSwiftPackageReference "Moya" */;
			productName = Moya;
		};
/* End XCSwiftPackageProductDependency section */
	};
	rootObject = 92FC6FF328FA95F800720368 /* Project object */;
}
